Microsoft Visual Studio Solution File, Format Version 12.00
# Visual Studio Version 17
VisualStudioVersion = 17.5.2.0
MinimumVisualStudioVersion = 10.0.40219.1
Project("{FAE04EC0-301F-11D3-BF4B-00C04F79EFBC}") = "BattleOfSea", "BattleOfSea.csproj", "{5C9E0E41-4715-9B5A-C999-514DE4E13F14}"
EndProject
Global
	GlobalSection(SolutionConfigurationPlatforms) = preSolution
		Debug|Any CPU = Debug|Any CPU
		Release|Any CPU = Release|Any CPU
	EndGlobalSection
	GlobalSection(ProjectConfigurationPlatforms) = postSolution
		{5C9E0E41-4715-9B5A-C999-514DE4E13F14}.Debug|Any CPU.ActiveCfg = Debug|Any CPU
		{5C9E0E41-4715-9B5A-C999-514DE4E13F14}.Debug|Any CPU.Build.0 = Debug|Any CPU
		{5C9E0E41-4715-9B5A-C999-514DE4E13F14}.Release|Any CPU.ActiveCfg = Release|Any CPU
		{5C9E0E41-4715-9B5A-C999-514DE4E13F14}.Release|Any CPU.Build.0 = Release|Any CPU
	EndGlobalSection
	GlobalSection(SolutionProperties) = preSolution
		HideSolutionNode = FALSE
	EndGlobalSection
	GlobalSection(ExtensibilityGlobals) = postSolution
		SolutionGuid = {CB2A9317-FF67-4B63-8FC6-2BAC8ADF8659}
	EndGlobalSection
EndGlobal
