
Microsoft Visual Studio Solution File, Format Version 12.00
# Visual Studio Version 17
VisualStudioVersion = 17.5.2.0
MinimumVisualStudioVersion = 10.0.40219.1
Project("{FAE04EC0-301F-11D3-BF4B-00C04F79EFBC}") = "BattleOfSea", "BattleOfSea.csproj", "{5C9E0E41-4715-9B5A-C999-514DE4E13F14}"
EndProject
Project("{2150E333-8FDC-42A3-9474-1A3956D46DE8}") = "Tests", "Tests", "{0AB3BF05-4346-4AA6-1389-037BE0695223}"
EndProject
Project("{FAE04EC0-301F-11D3-BF4B-00C04F79EFBC}") = "BattleOfSea.Tests", "Tests\BattleOfSea.Tests.csproj", "{5D125588-8C5C-4E71-B03E-45253BCD9FE5}"
EndProject
Global
	GlobalSection(SolutionConfigurationPlatforms) = preSolution
		Debug|Any CPU = Debug|Any CPU
		Debug|x64 = Debug|x64
		Debug|x86 = Debug|x86
		Release|Any CPU = Release|Any CPU
		Release|x64 = Release|x64
		Release|x86 = Release|x86
	EndGlobalSection
	GlobalSection(ProjectConfigurationPlatforms) = postSolution
		{5C9E0E41-4715-9B5A-C999-514DE4E13F14}.Debug|Any CPU.ActiveCfg = Debug|Any CPU
		{5C9E0E41-4715-9B5A-C999-514DE4E13F14}.Debug|Any CPU.Build.0 = Debug|Any CPU
		{5C9E0E41-4715-9B5A-C999-514DE4E13F14}.Debug|x64.ActiveCfg = Debug|Any CPU
		{5C9E0E41-4715-9B5A-C999-514DE4E13F14}.Debug|x64.Build.0 = Debug|Any CPU
		{5C9E0E41-4715-9B5A-C999-514DE4E13F14}.Debug|x86.ActiveCfg = Debug|Any CPU
		{5C9E0E41-4715-9B5A-C999-514DE4E13F14}.Debug|x86.Build.0 = Debug|Any CPU
		{5C9E0E41-4715-9B5A-C999-514DE4E13F14}.Release|Any CPU.ActiveCfg = Release|Any CPU
		{5C9E0E41-4715-9B5A-C999-514DE4E13F14}.Release|Any CPU.Build.0 = Release|Any CPU
		{5C9E0E41-4715-9B5A-C999-514DE4E13F14}.Release|x64.ActiveCfg = Release|Any CPU
		{5C9E0E41-4715-9B5A-C999-514DE4E13F14}.Release|x64.Build.0 = Release|Any CPU
		{5C9E0E41-4715-9B5A-C999-514DE4E13F14}.Release|x86.ActiveCfg = Release|Any CPU
		{5C9E0E41-4715-9B5A-C999-514DE4E13F14}.Release|x86.Build.0 = Release|Any CPU
		{5D125588-8C5C-4E71-B03E-45253BCD9FE5}.Debug|Any CPU.ActiveCfg = Debug|Any CPU
		{5D125588-8C5C-4E71-B03E-45253BCD9FE5}.Debug|Any CPU.Build.0 = Debug|Any CPU
		{5D125588-8C5C-4E71-B03E-45253BCD9FE5}.Debug|x64.ActiveCfg = Debug|Any CPU
		{5D125588-8C5C-4E71-B03E-45253BCD9FE5}.Debug|x64.Build.0 = Debug|Any CPU
		{5D125588-8C5C-4E71-B03E-45253BCD9FE5}.Debug|x86.ActiveCfg = Debug|Any CPU
		{5D125588-8C5C-4E71-B03E-45253BCD9FE5}.Debug|x86.Build.0 = Debug|Any CPU
		{5D125588-8C5C-4E71-B03E-45253BCD9FE5}.Release|Any CPU.ActiveCfg = Release|Any CPU
		{5D125588-8C5C-4E71-B03E-45253BCD9FE5}.Release|Any CPU.Build.0 = Release|Any CPU
		{5D125588-8C5C-4E71-B03E-45253BCD9FE5}.Release|x64.ActiveCfg = Release|Any CPU
		{5D125588-8C5C-4E71-B03E-45253BCD9FE5}.Release|x64.Build.0 = Release|Any CPU
		{5D125588-8C5C-4E71-B03E-45253BCD9FE5}.Release|x86.ActiveCfg = Release|Any CPU
		{5D125588-8C5C-4E71-B03E-45253BCD9FE5}.Release|x86.Build.0 = Release|Any CPU
	EndGlobalSection
	GlobalSection(SolutionProperties) = preSolution
		HideSolutionNode = FALSE
	EndGlobalSection
	GlobalSection(NestedProjects) = preSolution
		{5D125588-8C5C-4E71-B03E-45253BCD9FE5} = {0AB3BF05-4346-4AA6-1389-037BE0695223}
	EndGlobalSection
	GlobalSection(ExtensibilityGlobals) = postSolution
		SolutionGuid = {CB2A9317-FF67-4B63-8FC6-2BAC8ADF8659}
	EndGlobalSection
EndGlobal
